
Microsoft Visual Studio Solution File, Format Version 12.00
# Visual Studio Version 17
VisualStudioVersion = 17.5.002.0
MinimumVisualStudioVersion = 10.0.40219.1
Project("{FAE04EC0-301F-11D3-BF4B-00C04F79EFBC}") = "App", "App\App.csproj", "{3C7F0DFC-FC27-495A-8266-10F6B6509879}"
EndProject
Global
	GlobalSection(SolutionConfigurationPlatforms) = preSolution
		Debug|Any CPU = Debug|Any CPU
		Release|Any CPU = Release|Any CPU
	EndGlobalSection
	GlobalSection(ProjectConfigurationPlatforms) = postSolution
		{3C7F0DFC-FC27-495A-8266-10F6B6509879}.Debug|Any CPU.ActiveCfg = Debug|Any CPU
		{3C7F0DFC-FC27-495A-8266-10F6B6509879}.Debug|Any CPU.Build.0 = Debug|Any CPU
		{3C7F0DFC-FC27-495A-8266-10F6B6509879}.Release|Any CPU.ActiveCfg = Release|Any CPU
		{3C7F0DFC-FC27-495A-8266-10F6B6509879}.Release|Any CPU.Build.0 = Release|Any CPU
	EndGlobalSection
	GlobalSection(SolutionProperties) = preSolution
		HideSolutionNode = FALSE
	EndGlobalSection
	GlobalSection(ExtensibilityGlobals) = postSolution
		SolutionGuid = {99D587AD-225F-420D-BC59-A1C3A38D6B56}
	EndGlobalSection
EndGlobal
